
Microsoft Visual Studio Solution File, Format Version 12.00
# Visual Studio Version 16
VisualStudioVersion = 16.0.31229.75
MinimumVisualStudioVersion = 10.0.40219.1
Project("{9A19103F-16F7-4668-BE54-9A1E7A4F7556}") = "Shop_Api", "Shop_Api\Shop_Api.csproj", "{4A488C27-5509-4B93-8705-406668CF97D9}"
EndProject
Project("{9A19103F-16F7-4668-BE54-9A1E7A4F7556}") = "ShopApi.Test", "Shop_Api.Test\ShopApi.Test.csproj", "{56400183-7D33-4974-86A8-97F979B23AFE}"
EndProject
Project("{9A19103F-16F7-4668-BE54-9A1E7A4F7556}") = "ServiceHost", "ServiceHost\ServiceHost.csproj", "{0B37152A-97B4-4FDA-A930-FE36B7288887}"
EndProject
Project("{2150E333-8FDC-42A3-9474-1A3956D46DE8}") = "SaveImge", "SaveImge", "{6F3EB81A-5841-4C8C-AB1F-A8D721A16F46}"
EndProject
Project("{FAE04EC0-301F-11D3-BF4B-00C04F79EFBC}") = "WebApiSaveImage", "WebApiSaveImage\WebApiSaveImage.csproj", "{6BDB172C-E29F-48F9-AB73-C7C9728C51DD}"
EndProject
Global
	GlobalSection(SolutionConfigurationPlatforms) = preSolution
		Debug|Any CPU = Debug|Any CPU
		Release|Any CPU = Release|Any CPU
	EndGlobalSection
	GlobalSection(ProjectConfigurationPlatforms) = postSolution
		{4A488C27-5509-4B93-8705-406668CF97D9}.Debug|Any CPU.ActiveCfg = Debug|Any CPU
		{4A488C27-5509-4B93-8705-406668CF97D9}.Debug|Any CPU.Build.0 = Debug|Any CPU
		{4A488C27-5509-4B93-8705-406668CF97D9}.Release|Any CPU.ActiveCfg = Release|Any CPU
		{4A488C27-5509-4B93-8705-406668CF97D9}.Release|Any CPU.Build.0 = Release|Any CPU
		{56400183-7D33-4974-86A8-97F979B23AFE}.Debug|Any CPU.ActiveCfg = Debug|Any CPU
		{56400183-7D33-4974-86A8-97F979B23AFE}.Debug|Any CPU.Build.0 = Debug|Any CPU
		{56400183-7D33-4974-86A8-97F979B23AFE}.Release|Any CPU.ActiveCfg = Release|Any CPU
		{56400183-7D33-4974-86A8-97F979B23AFE}.Release|Any CPU.Build.0 = Release|Any CPU
		{0B37152A-97B4-4FDA-A930-FE36B7288887}.Debug|Any CPU.ActiveCfg = Debug|Any CPU
		{0B37152A-97B4-4FDA-A930-FE36B7288887}.Debug|Any CPU.Build.0 = Debug|Any CPU
		{0B37152A-97B4-4FDA-A930-FE36B7288887}.Release|Any CPU.ActiveCfg = Release|Any CPU
		{0B37152A-97B4-4FDA-A930-FE36B7288887}.Release|Any CPU.Build.0 = Release|Any CPU
		{6BDB172C-E29F-48F9-AB73-C7C9728C51DD}.Debug|Any CPU.ActiveCfg = Debug|Any CPU
		{6BDB172C-E29F-48F9-AB73-C7C9728C51DD}.Debug|Any CPU.Build.0 = Debug|Any CPU
		{6BDB172C-E29F-48F9-AB73-C7C9728C51DD}.Release|Any CPU.ActiveCfg = Release|Any CPU
		{6BDB172C-E29F-48F9-AB73-C7C9728C51DD}.Release|Any CPU.Build.0 = Release|Any CPU
	EndGlobalSection
	GlobalSection(SolutionProperties) = preSolution
		HideSolutionNode = FALSE
	EndGlobalSection
	GlobalSection(NestedProjects) = preSolution
		{6BDB172C-E29F-48F9-AB73-C7C9728C51DD} = {6F3EB81A-5841-4C8C-AB1F-A8D721A16F46}
	EndGlobalSection
	GlobalSection(ExtensibilityGlobals) = postSolution
		SolutionGuid = {5A3C8705-55C4-4825-990F-D1F5057F21B6}
	EndGlobalSection
EndGlobal
